<?xml version="1.0" encoding="utf-8"?>
<Project ToolsVersion="4.0" xmlns="http://schemas.microsoft.com/developer/msbuild/2003">
  <ItemGroup>
    <ClCompile Include="src\main.cpp" />
    <ClCompile Include="dep\imgui\imgui.cpp" />
    <ClCompile Include="dep\imgui\imgui_demo.cpp" />
    <ClCompile Include="dep\imgui\imgui_draw.cpp" />
    <ClCompile Include="dep\imgui\imgui_tables.cpp" />
    <ClCompile Include="dep\imgui\imgui_widgets.cpp" />
    <ClCompile Include="dep\imgui\backends\imgui_impl_sdl2.cpp" />
    <ClCompile Include="dep\imgui\backends\imgui_impl_opengl3.cpp" />
  </ItemGroup>
  <ItemGroup>
    <None Include="vs\Common.props" />
    <None Include="vs\Debug.props" />
    <None Include="vs\DebugFast.props" />
    <None Include="vs\Release.props" />
  </ItemGroup>
</Project>